
Microsoft Visual Studio Solution File, Format Version 12.00
# Visual Studio Version 16
VisualStudioVersion = 16.0.32106.194
MinimumVisualStudioVersion = 10.0.40219.1
Project("{FAE04EC0-301F-11D3-BF4B-00C04F79EFBC}") = "NIkitaShopCSharp", "NIkitaShopCSharp\NIkitaShopCSharp.csproj", "{0CC51124-B4E3-4C80-874B-306258C3A3F8}"
EndProject
Global
	GlobalSection(SolutionConfigurationPlatforms) = preSolution
		Debug|Any CPU = Debug|Any CPU
		Release|Any CPU = Release|Any CPU
	EndGlobalSection
	GlobalSection(ProjectConfigurationPlatforms) = postSolution
		{0CC51124-B4E3-4C80-874B-306258C3A3F8}.Debug|Any CPU.ActiveCfg = Debug|Any CPU
		{0CC51124-B4E3-4C80-874B-306258C3A3F8}.Debug|Any CPU.Build.0 = Debug|Any CPU
		{0CC51124-B4E3-4C80-874B-306258C3A3F8}.Release|Any CPU.ActiveCfg = Release|Any CPU
		{0CC51124-B4E3-4C80-874B-306258C3A3F8}.Release|Any CPU.Build.0 = Release|Any CPU
	EndGlobalSection
	GlobalSection(SolutionProperties) = preSolution
		HideSolutionNode = FALSE
	EndGlobalSection
	GlobalSection(ExtensibilityGlobals) = postSolution
		SolutionGuid = {3C0E7415-F0A3-4006-B557-B0C468D3F8DB}
	EndGlobalSection
EndGlobal
